{
  "version": 4,
  "terraform_version": "1.6.6",
  "serial": 32,
  "lineage": "2193cdc6-4489-97f6-c651-5f7af4217496",
  "outputs": {},
  "resources": [
    {
      "mode": "managed",
      "type": "truenas_dataset",
      "name": "downloads_dataset",
      "provider": "provider[\"registry.terraform.io/dariusbakunas/truenas\"]",
      "instances": [
        {
          "schema_version": 0,
          "attributes": {
            "acl_mode": "discard",
            "acl_type": "posix",
            "atime": "off",
            "case_sensitivity": "sensitive",
            "comments": null,
            "compression": "off",
            "copies": 1,
            "dataset_id": "main_pool/private/downloads",
            "deduplication": "off",
            "encrypted": false,
            "encryption_algorithm": null,
            "encryption_key": null,
            "exec": "on",
            "generate_key": null,
            "id": "main_pool/private/downloads",
            "inherit_encryption": null,
            "managed_by": "192.168.1.19",
            "mount_point": "/mnt/main_pool/private/downloads",
            "name": "downloads",
            "parent": "private",
            "passphrase": null,
            "pbkdf2iters": 0,
            "pool": "main_pool",
            "quota_bytes": 0,
            "quota_critical": null,
            "quota_warning": null,
            "readonly": "off",
            "record_size": "128K",
            "ref_quota_bytes": 0,
            "ref_quota_critical": null,
            "ref_quota_warning": null,
            "share_type": null,
            "snap_dir": "hidden",
            "sync": "standard",
            "timeouts": {
              "create": null,
              "delete": null,
              "update": null
            }
          },
          "sensitive_attributes": [],
          "private": "eyJlMmJmYjczMC1lY2FhLTExZTYtOGY4OC0zNDM2M2JjN2M0YzAiOnsiY3JlYXRlIjoyNDAwMDAwMDAwMDAsImRlbGV0ZSI6MjQwMDAwMDAwMDAwLCJ1cGRhdGUiOjI0MDAwMDAwMDAwMH19",
          "dependencies": [
            "truenas_dataset.private_dataset"
          ]
        }
      ]
    },
    {
      "mode": "managed",
      "type": "truenas_dataset",
      "name": "ebooks_dataset",
      "provider": "provider[\"registry.terraform.io/dariusbakunas/truenas\"]",
      "instances": [
        {
          "schema_version": 0,
          "attributes": {
            "acl_mode": "discard",
            "acl_type": "posix",
            "atime": "off",
            "case_sensitivity": "sensitive",
            "comments": null,
            "compression": "off",
            "copies": 1,
            "dataset_id": "main_pool/private/media/ebooks",
            "deduplication": "off",
            "encrypted": false,
            "encryption_algorithm": null,
            "encryption_key": null,
            "exec": "on",
            "generate_key": null,
            "id": "main_pool/private/media/ebooks",
            "inherit_encryption": null,
            "managed_by": "192.168.1.19",
            "mount_point": "/mnt/main_pool/private/media/ebooks",
            "name": "ebooks",
            "parent": "private/media",
            "passphrase": null,
            "pbkdf2iters": 0,
            "pool": "main_pool",
            "quota_bytes": 0,
            "quota_critical": null,
            "quota_warning": null,
            "readonly": "off",
            "record_size": "128K",
            "ref_quota_bytes": 0,
            "ref_quota_critical": null,
            "ref_quota_warning": null,
            "share_type": null,
            "snap_dir": "hidden",
            "sync": "standard",
            "timeouts": {
              "create": null,
              "delete": null,
              "update": null
            }
          },
          "sensitive_attributes": [],
          "private": "eyJlMmJmYjczMC1lY2FhLTExZTYtOGY4OC0zNDM2M2JjN2M0YzAiOnsiY3JlYXRlIjoyNDAwMDAwMDAwMDAsImRlbGV0ZSI6MjQwMDAwMDAwMDAwLCJ1cGRhdGUiOjI0MDAwMDAwMDAwMH19",
          "dependencies": [
            "truenas_dataset.media_dataset",
            "truenas_dataset.private_dataset"
          ]
        }
      ]
    },
    {
      "mode": "managed",
      "type": "truenas_dataset",
      "name": "k8s_dataset",
      "provider": "provider[\"registry.terraform.io/dariusbakunas/truenas\"]",
      "instances": [
        {
          "schema_version": 0,
          "attributes": {
            "acl_mode": "discard",
            "acl_type": "posix",
            "atime": "off",
            "case_sensitivity": "sensitive",
            "comments": null,
            "compression": "off",
            "copies": 1,
            "dataset_id": "main_pool/private/k8s",
            "deduplication": "off",
            "encrypted": false,
            "encryption_algorithm": null,
            "encryption_key": null,
            "exec": "on",
            "generate_key": null,
            "id": "main_pool/private/k8s",
            "inherit_encryption": null,
            "managed_by": "192.168.1.19",
            "mount_point": "/mnt/main_pool/private/k8s",
            "name": "k8s",
            "parent": "private",
            "passphrase": null,
            "pbkdf2iters": 0,
            "pool": "main_pool",
            "quota_bytes": 0,
            "quota_critical": null,
            "quota_warning": null,
            "readonly": "off",
            "record_size": "128K",
            "ref_quota_bytes": 0,
            "ref_quota_critical": null,
            "ref_quota_warning": null,
            "share_type": null,
            "snap_dir": "hidden",
            "sync": "standard",
            "timeouts": {
              "create": null,
              "delete": null,
              "update": null
            }
          },
          "sensitive_attributes": [],
          "private": "eyJlMmJmYjczMC1lY2FhLTExZTYtOGY4OC0zNDM2M2JjN2M0YzAiOnsiY3JlYXRlIjoyNDAwMDAwMDAwMDAsImRlbGV0ZSI6MjQwMDAwMDAwMDAwLCJ1cGRhdGUiOjI0MDAwMDAwMDAwMH19",
          "dependencies": [
            "truenas_dataset.private_dataset"
          ]
        }
      ]
    },
    {
      "mode": "managed",
      "type": "truenas_dataset",
      "name": "media_dataset",
      "provider": "provider[\"registry.terraform.io/dariusbakunas/truenas\"]",
      "instances": [
        {
          "schema_version": 0,
          "attributes": {
            "acl_mode": "discard",
            "acl_type": "posix",
            "atime": "off",
            "case_sensitivity": "sensitive",
            "comments": null,
            "compression": "off",
            "copies": 1,
            "dataset_id": "main_pool/private/media",
            "deduplication": "off",
            "encrypted": false,
            "encryption_algorithm": null,
            "encryption_key": null,
            "exec": "on",
            "generate_key": null,
            "id": "main_pool/private/media",
            "inherit_encryption": null,
            "managed_by": "192.168.1.19",
            "mount_point": "/mnt/main_pool/private/media",
            "name": "media",
            "parent": "private",
            "passphrase": null,
            "pbkdf2iters": 0,
            "pool": "main_pool",
            "quota_bytes": 0,
            "quota_critical": null,
            "quota_warning": null,
            "readonly": "off",
            "record_size": "128K",
            "ref_quota_bytes": 0,
            "ref_quota_critical": null,
            "ref_quota_warning": null,
            "share_type": null,
            "snap_dir": "hidden",
            "sync": "standard",
            "timeouts": {
              "create": null,
              "delete": null,
              "update": null
            }
          },
          "sensitive_attributes": [],
          "private": "eyJlMmJmYjczMC1lY2FhLTExZTYtOGY4OC0zNDM2M2JjN2M0YzAiOnsiY3JlYXRlIjoyNDAwMDAwMDAwMDAsImRlbGV0ZSI6MjQwMDAwMDAwMDAwLCJ1cGRhdGUiOjI0MDAwMDAwMDAwMH19",
          "dependencies": [
            "truenas_dataset.private_dataset"
          ]
        }
      ]
    },
    {
      "mode": "managed",
      "type": "truenas_dataset",
      "name": "movies_dataset",
      "provider": "provider[\"registry.terraform.io/dariusbakunas/truenas\"]",
      "instances": [
        {
          "schema_version": 0,
          "attributes": {
            "acl_mode": "discard",
            "acl_type": "posix",
            "atime": "off",
            "case_sensitivity": "sensitive",
            "comments": null,
            "compression": "off",
            "copies": 1,
            "dataset_id": "main_pool/private/media/movies",
            "deduplication": "off",
            "encrypted": false,
            "encryption_algorithm": null,
            "encryption_key": null,
            "exec": "on",
            "generate_key": null,
            "id": "main_pool/private/media/movies",
            "inherit_encryption": null,
            "managed_by": "192.168.1.19",
            "mount_point": "/mnt/main_pool/private/media/movies",
            "name": "movies",
            "parent": "private/media",
            "passphrase": null,
            "pbkdf2iters": 0,
            "pool": "main_pool",
            "quota_bytes": 0,
            "quota_critical": null,
            "quota_warning": null,
            "readonly": "off",
            "record_size": "128K",
            "ref_quota_bytes": 0,
            "ref_quota_critical": null,
            "ref_quota_warning": null,
            "share_type": null,
            "snap_dir": "hidden",
            "sync": "standard",
            "timeouts": {
              "create": null,
              "delete": null,
              "update": null
            }
          },
          "sensitive_attributes": [],
          "private": "eyJlMmJmYjczMC1lY2FhLTExZTYtOGY4OC0zNDM2M2JjN2M0YzAiOnsiY3JlYXRlIjoyNDAwMDAwMDAwMDAsImRlbGV0ZSI6MjQwMDAwMDAwMDAwLCJ1cGRhdGUiOjI0MDAwMDAwMDAwMH19",
          "dependencies": [
            "truenas_dataset.media_dataset",
            "truenas_dataset.private_dataset"
          ]
        }
      ]
    },
    {
      "mode": "managed",
      "type": "truenas_dataset",
      "name": "photoprism_dataset",
      "provider": "provider[\"registry.terraform.io/dariusbakunas/truenas\"]",
      "instances": [
        {
          "schema_version": 0,
          "attributes": {
            "acl_mode": "discard",
            "acl_type": "posix",
            "atime": "off",
            "case_sensitivity": "sensitive",
            "comments": null,
            "compression": "off",
            "copies": 1,
            "dataset_id": "main_pool/private/photoprism",
            "deduplication": "off",
            "encrypted": false,
            "encryption_algorithm": null,
            "encryption_key": null,
            "exec": "on",
            "generate_key": null,
            "id": "main_pool/private/photoprism",
            "inherit_encryption": null,
            "managed_by": "192.168.1.19",
            "mount_point": "/mnt/main_pool/private/photoprism",
            "name": "photoprism",
            "parent": "private",
            "passphrase": null,
            "pbkdf2iters": 0,
            "pool": "main_pool",
            "quota_bytes": 0,
            "quota_critical": null,
            "quota_warning": null,
            "readonly": "off",
            "record_size": "128K",
            "ref_quota_bytes": 0,
            "ref_quota_critical": null,
            "ref_quota_warning": null,
            "share_type": null,
            "snap_dir": "hidden",
            "sync": "standard",
            "timeouts": {
              "create": null,
              "delete": null,
              "update": null
            }
          },
          "sensitive_attributes": [],
          "private": "eyJlMmJmYjczMC1lY2FhLTExZTYtOGY4OC0zNDM2M2JjN2M0YzAiOnsiY3JlYXRlIjoyNDAwMDAwMDAwMDAsImRlbGV0ZSI6MjQwMDAwMDAwMDAwLCJ1cGRhdGUiOjI0MDAwMDAwMDAwMH19",
          "dependencies": [
            "truenas_dataset.private_dataset"
          ]
        }
      ]
    },
    {
      "mode": "managed",
      "type": "truenas_dataset",
      "name": "private_dataset",
      "provider": "provider[\"registry.terraform.io/dariusbakunas/truenas\"]",
      "instances": [
        {
          "schema_version": 0,
          "attributes": {
            "acl_mode": "discard",
            "acl_type": "posix",
            "atime": "off",
            "case_sensitivity": "sensitive",
            "comments": null,
            "compression": "off",
            "copies": 1,
            "dataset_id": "main_pool/private",
            "deduplication": "off",
            "encrypted": false,
            "encryption_algorithm": null,
            "encryption_key": null,
            "exec": "on",
            "generate_key": null,
            "id": "main_pool/private",
            "inherit_encryption": null,
            "managed_by": "192.168.1.19",
            "mount_point": "/mnt/main_pool/private",
            "name": "private",
            "parent": "",
            "passphrase": null,
            "pbkdf2iters": 0,
            "pool": "main_pool",
            "quota_bytes": 0,
            "quota_critical": null,
            "quota_warning": null,
            "readonly": "off",
            "record_size": "128K",
            "ref_quota_bytes": 0,
            "ref_quota_critical": null,
            "ref_quota_warning": null,
            "share_type": null,
            "snap_dir": "hidden",
            "sync": "standard",
            "timeouts": {
              "create": null,
              "delete": null,
              "update": null
            }
          },
          "sensitive_attributes": [],
          "private": "eyJlMmJmYjczMC1lY2FhLTExZTYtOGY4OC0zNDM2M2JjN2M0YzAiOnsiY3JlYXRlIjoyNDAwMDAwMDAwMDAsImRlbGV0ZSI6MjQwMDAwMDAwMDAwLCJ1cGRhdGUiOjI0MDAwMDAwMDAwMH19"
        }
      ]
    },
    {
      "mode": "managed",
      "type": "truenas_dataset",
      "name": "shows_dataset",
      "provider": "provider[\"registry.terraform.io/dariusbakunas/truenas\"]",
      "instances": [
        {
          "schema_version": 0,
          "attributes": {
            "acl_mode": "discard",
            "acl_type": "posix",
            "atime": "off",
            "case_sensitivity": "sensitive",
            "comments": null,
            "compression": "off",
            "copies": 1,
            "dataset_id": "main_pool/private/media/shows",
            "deduplication": "off",
            "encrypted": false,
            "encryption_algorithm": null,
            "encryption_key": null,
            "exec": "on",
            "generate_key": null,
            "id": "main_pool/private/media/shows",
            "inherit_encryption": null,
            "managed_by": "192.168.1.19",
            "mount_point": "/mnt/main_pool/private/media/shows",
            "name": "shows",
            "parent": "private/media",
            "passphrase": null,
            "pbkdf2iters": 0,
            "pool": "main_pool",
            "quota_bytes": 0,
            "quota_critical": null,
            "quota_warning": null,
            "readonly": "off",
            "record_size": "128K",
            "ref_quota_bytes": 0,
            "ref_quota_critical": null,
            "ref_quota_warning": null,
            "share_type": null,
            "snap_dir": "hidden",
            "sync": "standard",
            "timeouts": {
              "create": null,
              "delete": null,
              "update": null
            }
          },
          "sensitive_attributes": [],
          "private": "eyJlMmJmYjczMC1lY2FhLTExZTYtOGY4OC0zNDM2M2JjN2M0YzAiOnsiY3JlYXRlIjoyNDAwMDAwMDAwMDAsImRlbGV0ZSI6MjQwMDAwMDAwMDAwLCJ1cGRhdGUiOjI0MDAwMDAwMDAwMH19",
          "dependencies": [
            "truenas_dataset.media_dataset",
            "truenas_dataset.private_dataset"
          ]
        }
      ]
    }
  ],
  "check_results": null
}
